[[package]]
name = "numpy"
version = "1.21.4"
description = "NumPy is the fundamental package for array computing with Python."
category = "main"
optional = false
python-versions = ">=3.7,<3.11"

[[package]]
name = "ragged-buffer"
version = "0.2.0"
description = ""
category = "main"
optional = false
python-versions = ">=3.6"

[package.dependencies]
numpy = ">=1.21,<2.0"

[metadata]
lock-version = "1.1"
python-versions = ">=3.7.1,<3.10"
content-hash = "28455ce4fe8af1ba6cc4a232600cae6863703a30c36a4bc9ce87c9a0caef6467"

[metadata.files]
numpy = [
    {file = "numpy-1.21.4-cp310-cp310-macosx_10_9_universal2.whl", hash = "sha256:8890b3360f345e8360133bc078d2dacc2843b6ee6059b568781b15b97acbe39f"},
    {file = "numpy-1.21.4-cp310-cp310-macosx_10_9_x86_64.whl", hash = "sha256:69077388c5a4b997442b843dbdc3a85b420fb693ec8e33020bb24d647c164fa5"},
    {file = "numpy-1.21.4-cp310-cp310-macosx_11_0_arm64.whl", hash = "sha256:e89717274b41ebd568cd7943fc9418eeb49b1785b66031bc8a7f6300463c5898"},
    {file = "numpy-1.21.4-cp310-cp310-manylinux_2_17_aarch64.manylinux2014_aarch64.whl", hash = "sha256:0b78ecfa070460104934e2caf51694ccd00f37d5e5dbe76f021b1b0b0d221823"},
    {file = "numpy-1.21.4-cp310-cp310-manylinux_2_17_x86_64.manylinux2014_x86_64.whl", hash = "sha256:615d4e328af7204c13ae3d4df7615a13ff60a49cb0d9106fde07f541207883ca"},
    {file = "numpy-1.21.4-cp310-cp310-win_amd64.whl", hash = "sha256:1403b4e2181fc72664737d848b60e65150f272fe5a1c1cbc16145ed43884065a"},
    {file = "numpy-1.21.4-cp37-cp37m-macosx_10_9_x86_64.whl", hash = "sha256:74b85a17528ca60cf98381a5e779fc0264b4a88b46025e6bcbe9621f46bb3e63"},
    {file = "numpy-1.21.4-cp37-cp37m-manylinux_2_12_i686.manylinux2010_i686.whl", hash = "sha256:92aafa03da8658609f59f18722b88f0a73a249101169e28415b4fa148caf7e41"},
    {file = "numpy-1.21.4-cp37-cp37m-manylinux_2_12_x86_64.manylinux2010_x86_64.whl", hash = "sha256:5d95668e727c75b3f5088ec7700e260f90ec83f488e4c0aaccb941148b2cd377"},
    {file = "numpy-1.21.4-cp37-cp37m-manylinux_2_17_aarch64.manylinux2014_aarch64.whl", hash = "sha256:f5162ec777ba7138906c9c274353ece5603646c6965570d82905546579573f73"},
    {file = "numpy-1.21.4-cp37-cp37m-win32.whl", hash = "sha256:81225e58ef5fce7f1d80399575576fc5febec79a8a2742e8ef86d7b03beef49f"},
    {file = "numpy-1.21.4-cp37-cp37m-win_amd64.whl", hash = "sha256:32fe5b12061f6446adcbb32cf4060a14741f9c21e15aaee59a207b6ce6423469"},
    {file = "numpy-1.21.4-cp38-cp38-macosx_10_9_universal2.whl", hash = "sha256:c449eb870616a7b62e097982c622d2577b3dbc800aaf8689254ec6e0197cbf1e"},
    {file = "numpy-1.21.4-cp38-cp38-macosx_10_9_x86_64.whl", hash = "sha256:2e4ed57f45f0aa38beca2a03b6532e70e548faf2debbeb3291cfc9b315d9be8f"},
    {file = "numpy-1.21.4-cp38-cp38-macosx_11_0_arm64.whl", hash = "sha256:1247ef28387b7bb7f21caf2dbe4767f4f4175df44d30604d42ad9bd701ebb31f"},
    {file = "numpy-1.21.4-cp38-cp38-manylinux_2_12_i686.manylinux2010_i686.whl", hash = "sha256:34f3456f530ae8b44231c63082c8899fe9c983fd9b108c997c4b1c8c2d435333"},
    {file = "numpy-1.21.4-cp38-cp38-manylinux_2_12_x86_64.manylinux2010_x86_64.whl", hash = "sha256:4c9c23158b87ed0e70d9a50c67e5c0b3f75bcf2581a8e34668d4e9d7474d76c6"},
    {file = "numpy-1.21.4-cp38-cp38-manylinux_2_17_aarch64.manylinux2014_aarch64.whl", hash = "sha256:e4799be6a2d7d3c33699a6f77201836ac975b2e1b98c2a07f66a38f499cb50ce"},
    {file = "numpy-1.21.4-cp38-cp38-win32.whl", hash = "sha256:bc988afcea53e6156546e5b2885b7efab089570783d9d82caf1cfd323b0bb3dd"},
    {file = "numpy-1.21.4-cp38-cp38-win_amd64.whl", hash = "sha256:170b2a0805c6891ca78c1d96ee72e4c3ed1ae0a992c75444b6ab20ff038ba2cd"},
    {file = "numpy-1.21.4-cp39-cp39-macosx_10_9_universal2.whl", hash = "sha256:fde96af889262e85aa033f8ee1d3241e32bf36228318a61f1ace579df4e8170d"},
    {file = "numpy-1.21.4-cp39-cp39-macosx_10_9_x86_64.whl", hash = "sha256:c885bfc07f77e8fee3dc879152ba993732601f1f11de248d4f357f0ffea6a6d4"},
    {file = "numpy-1.21.4-cp39-cp39-macosx_11_0_arm64.whl", hash = "sha256:9e6f5f50d1eff2f2f752b3089a118aee1ea0da63d56c44f3865681009b0af162"},
    {file = "numpy-1.21.4-cp39-cp39-manylinux_2_12_i686.manylinux2010_i686.whl", hash = "sha256:ad010846cdffe7ec27e3f933397f8a8d6c801a48634f419e3d075db27acf5880"},
    {file = "numpy-1.21.4-cp39-cp39-manylinux_2_12_x86_64.manylinux2010_x86_64.whl", hash = "sha256:c74c699b122918a6c4611285cc2cad4a3aafdb135c22a16ec483340ef97d573c"},
    {file = "numpy-1.21.4-cp39-cp39-manylinux_2_17_aarch64.manylinux2014_aarch64.whl", hash = "sha256:9864424631775b0c052f3bd98bc2712d131b3e2cd95d1c0c68b91709170890b0"},
    {file = "numpy-1.21.4-cp39-cp39-win32.whl", hash = "sha256:b1e2312f5b8843a3e4e8224b2b48fe16119617b8fc0a54df8f50098721b5bed2"},
    {file = "numpy-1.21.4-cp39-cp39-win_amd64.whl", hash = "sha256:e3c3e990274444031482a31280bf48674441e0a5b55ddb168f3a6db3e0c38ec8"},
    {file = "numpy-1.21.4-pp37-pypy37_pp73-manylinux_2_12_x86_64.manylinux2010_x86_64.whl", hash = "sha256:a3deb31bc84f2b42584b8c4001c85d1934dbfb4030827110bc36bfd11509b7bf"},
    {file = "numpy-1.21.4.zip", hash = "sha256:e6c76a87633aa3fa16614b61ccedfae45b91df2767cf097aa9c933932a7ed1e0"},
]
ragged-buffer = [
    {file = "ragged_buffer-0.2.0-cp310-cp310-macosx_10_7_x86_64.whl", hash = "sha256:0c11034753908911f49fe745ca3e18f71b944517aeb9b83c3d300eb05df0a040"},
    {file = "ragged_buffer-0.2.0-cp310-none-win_amd64.whl", hash = "sha256:d32ba531cb16eb4a32fc29d1cbd9b6161702f692454ec0516919e321c39c59ee"},
    {file = "ragged_buffer-0.2.0-cp36-cp36m-macosx_10_7_x86_64.whl", hash = "sha256:42565be5cb00f1be43af396c36a2ed9bd812dc13694ccbd12a04bc608c73e01c"},
    {file = "ragged_buffer-0.2.0-cp36-none-win_amd64.whl", hash = "sha256:3e8dac498617d1f6b7c1ea5f2a141165f0c92c6b8a3cdcd674856bbfc6fd1fd0"},
    {file = "ragged_buffer-0.2.0-cp37-cp37m-macosx_10_7_x86_64.whl", hash = "sha256:827dee44d5a374b65d89e944870df7e0e3d771e3880ed41455740605fafca017"},
    {file = "ragged_buffer-0.2.0-cp37-none-win_amd64.whl", hash = "sha256:5a0c5d0008d49356afc958918024bf722f5554402e2205d015d88e9afee44161"},
    {file = "ragged_buffer-0.2.0-cp38-cp38-macosx_10_7_x86_64.whl", hash = "sha256:f28cb7b9fcf23fd005fcf2c3008e5e8db097c21231aaf4f1771f136ade7c0e3f"},
    {file = "ragged_buffer-0.2.0-cp38-cp38-manylinux_2_24_x86_64.whl", hash = "sha256:6f6190ffcf72a73684e0d7e373aa1546c8b15ae13660eb5b706fe71669cd218b"},
    {file = "ragged_buffer-0.2.0-cp38-none-win_amd64.whl", hash = "sha256:c8453eebb43eb5fa1fe0b2a65956f61d1f59ebab725f462fd98e7b7d97c8f643"},
    {file = "ragged_buffer-0.2.0-cp39-cp39-macosx_10_7_x86_64.whl", hash = "sha256:785b9fcc51b9d4db1d9c5ad0395378368b8d87f3e0c86cdfaba6e166d05949c8"},
    {file = "ragged_buffer-0.2.0-cp39-none-win_amd64.whl", hash = "sha256:6f479ac307fb0ae1f2895666dcb01b4e2f39fb0e348c9d840f9d4de1522f9fab"},
    {file = "ragged_buffer-0.2.0.tar.gz", hash = "sha256:29b16ebbbf7c577399c4157b9ef44f73d48b0cc780630b07d94e95ba31082453"},
]
